// !$*UTF8*$!
{
	archiveVersion = 1;
	classes = {
	};
	objectVersion = 52;
	objects = {

/* Begin PBXBuildFile section */
		5523A6AF269052AC007C804F /* GoogleService-Info.plist in Resources */ = {isa = PBXBuildFile; fileRef = 5523A6AE269052AC007C804F /* GoogleService-Info.plist */; };
		5523A6B426905384007C804F /* DataService.swift in Sources */ = {isa = PBXBuildFile; fileRef = 5523A6B326905384007C804F /* DataService.swift */; };
		5523A6BA26905936007C804F /* ItemModelObject+CoreDataClass.swift in Sources */ = {isa = PBXBuildFile; fileRef = 5523A6B826905936007C804F /* ItemModelObject+CoreDataClass.swift */; };
		5523A6BB26905936007C804F /* ItemModelObject+CoreDataProperties.swift in Sources */ = {isa = PBXBuildFile; fileRef = 5523A6B926905936007C804F /* ItemModelObject+CoreDataProperties.swift */; };
		55446267268E222E00E19474 /* TVLCheckerApp.swift in Sources */ = {isa = PBXBuildFile; fileRef = 55446266268E222E00E19474 /* TVLCheckerApp.swift */; };
		55446269268E222E00E19474 /* ContentView.swift in Sources */ = {isa = PBXBuildFile; fileRef = 55446268268E222E00E19474 /* ContentView.swift */; };
		5544626B268E223100E19474 /* Assets.xcassets in Resources */ = {isa = PBXBuildFile; fileRef = 5544626A268E223100E19474 /* Assets.xcassets */; };
		5544626E268E223100E19474 /* Preview Assets.xcassets in Resources */ = {isa = PBXBuildFile; fileRef = 5544626D268E223100E19474 /* Preview Assets.xcassets */; };
		55446270268E223100E19474 /* Persistence.swift in Sources */ = {isa = PBXBuildFile; fileRef = 5544626F268E223100E19474 /* Persistence.swift */; };
		55446273268E223100E19474 /* TVLChecker.xcdatamodeld in Sources */ = {isa = PBXBuildFile; fileRef = 55446271268E223100E19474 /* TVLChecker.xcdatamodeld */; };
		55446291268E349B00E19474 /* MainView.swift in Sources */ = {isa = PBXBuildFile; fileRef = 55446290268E349B00E19474 /* MainView.swift */; };
		55446295268E34CD00E19474 /* ItemView.swift in Sources */ = {isa = PBXBuildFile; fileRef = 55446294268E34CD00E19474 /* ItemView.swift */; };
		554462AD268E3CD500E19474 /* Item.swift in Sources */ = {isa = PBXBuildFile; fileRef = 554462AC268E3CD500E19474 /* Item.swift */; };
		554462B1268E432500E19474 /* FirebaseFirestore in Frameworks */ = {isa = PBXBuildFile; productRef = 554462B0268E432500E19474 /* FirebaseFirestore */; };
/* End PBXBuildFile section */

/* Begin PBXFileReference section */
		5523A6AE269052AC007C804F /* GoogleService-Info.plist */ = {isa = PBXFileReference; fileEncoding = 4; lastKnownFileType = text.plist.xml; path = "GoogleService-Info.plist"; sourceTree = "<group>"; };
		5523A6B326905384007C804F /* DataService.swift */ = {isa = PBXFileReference; lastKnownFileType = sourcecode.swift; path = DataService.swift; sourceTree = "<group>"; };
		5523A6B826905936007C804F /* ItemModelObject+CoreDataClass.swift */ = {isa = PBXFileReference; lastKnownFileType = sourcecode.swift; path = "ItemModelObject+CoreDataClass.swift"; sourceTree = "<group>"; };
		5523A6B926905936007C804F /* ItemModelObject+CoreDataProperties.swift */ = {isa = PBXFileReference; lastKnownFileType = sourcecode.swift; path = "ItemModelObject+CoreDataProperties.swift"; sourceTree = "<group>"; };
		55446263268E222E00E19474 /* TVLChecker.app */ = {isa = PBXFileReference; explicitFileType = wrapper.application; includeInIndex = 0; path = TVLChecker.app; sourceTree = BUILT_PRODUCTS_DIR; };
		55446266268E222E00E19474 /* TVLCheckerApp.swift */ = {isa = PBXFileReference; lastKnownFileType = sourcecode.swift; path = TVLCheckerApp.swift; sourceTree = "<group>"; };
		55446268268E222E00E19474 /* ContentView.swift */ = {isa = PBXFileReference; lastKnownFileType = sourcecode.swift; path = ContentView.swift; sourceTree = "<group>"; };
		5544626A268E223100E19474 /* Assets.xcassets */ = {isa = PBXFileReference; lastKnownFileType = folder.assetcatalog; path = Assets.xcassets; sourceTree = "<group>"; };
		5544626D268E223100E19474 /* Preview Assets.xcassets */ = {isa = PBXFileReference; lastKnownFileType = folder.assetcatalog; path = "Preview Assets.xcassets"; sourceTree = "<group>"; };
		5544626F268E223100E19474 /* Persistence.swift */ = {isa = PBXFileReference; lastKnownFileType = sourcecode.swift; path = Persistence.swift; sourceTree = "<group>"; };
		55446272268E223100E19474 /* TVLChecker.xcdatamodel */ = {isa = PBXFileReference; lastKnownFileType = wrapper.xcdatamodel; path = TVLChecker.xcdatamodel; sourceTree = "<group>"; };
		55446274268E223100E19474 /* Info.plist */ = {isa = PBXFileReference; lastKnownFileType = text.plist.xml; path = Info.plist; sourceTree = "<group>"; };
		55446290268E349B00E19474 /* MainView.swift */ = {isa = PBXFileReference; lastKnownFileType = sourcecode.swift; path = MainView.swift; sourceTree = "<group>"; };
		55446294268E34CD00E19474 /* ItemView.swift */ = {isa = PBXFileReference; lastKnownFileType = sourcecode.swift; path = ItemView.swift; sourceTree = "<group>"; };
		554462AC268E3CD500E19474 /* Item.swift */ = {isa = PBXFileReference; lastKnownFileType = sourcecode.swift; path = Item.swift; sourceTree = "<group>"; };
/* End PBXFileReference section */

/* Begin PBXFrameworksBuildPhase section */
		55446260268E222E00E19474 /* Frameworks */ = {
			isa = PBXFrameworksBuildPhase;
			buildActionMask = 2147483647;
			files = (
				554462B1268E432500E19474 /* FirebaseFirestore in Frameworks */,
			);
			runOnlyForDeploymentPostprocessing = 0;
		};
/* End PBXFrameworksBuildPhase section */

/* Begin PBXGroup section */
		5523A6B226905366007C804F /* Services */ = {
			isa = PBXGroup;
			children = (
				5523A6B326905384007C804F /* DataService.swift */,
			);
			path = Services;
			sourceTree = "<group>";
		};
		5544625A268E222E00E19474 = {
			isa = PBXGroup;
			children = (
				55446265268E222E00E19474 /* TVLChecker */,
				55446264268E222E00E19474 /* Products */,
			);
			sourceTree = "<group>";
		};
		55446264268E222E00E19474 /* Products */ = {
			isa = PBXGroup;
			children = (
				55446263268E222E00E19474 /* TVLChecker.app */,
			);
			name = Products;
			sourceTree = "<group>";
		};
		55446265268E222E00E19474 /* TVLChecker */ = {
			isa = PBXGroup;
			children = (
				5523A6B226905366007C804F /* Services */,
				554462A4268E3BAF00E19474 /* Models */,
				5544628E268E344300E19474 /* Persistence */,
				5544626C268E223100E19474 /* Preview Content */,
				5544628D268E342600E19474 /* Resources */,
				5544628C268E33CE00E19474 /* System */,
				5544628F268E345B00E19474 /* Views */,
			);
			path = TVLChecker;
			sourceTree = "<group>";
		};
		5544626C268E223100E19474 /* Preview Content */ = {
			isa = PBXGroup;
			children = (
				5544626D268E223100E19474 /* Preview Assets.xcassets */,
			);
			path = "Preview Content";
			sourceTree = "<group>";
		};
		5544628C268E33CE00E19474 /* System */ = {
			isa = PBXGroup;
			children = (
				55446266268E222E00E19474 /* TVLCheckerApp.swift */,
			);
			path = System;
			sourceTree = "<group>";
		};
		5544628D268E342600E19474 /* Resources */ = {
			isa = PBXGroup;
			children = (
				5523A6AE269052AC007C804F /* GoogleService-Info.plist */,
				55446274268E223100E19474 /* Info.plist */,
				5544626A268E223100E19474 /* Assets.xcassets */,
			);
			path = Resources;
			sourceTree = "<group>";
		};
		5544628E268E344300E19474 /* Persistence */ = {
			isa = PBXGroup;
			children = (
				55446271268E223100E19474 /* TVLChecker.xcdatamodeld */,
				5544626F268E223100E19474 /* Persistence.swift */,
			);
			path = Persistence;
			sourceTree = "<group>";
		};
		5544628F268E345B00E19474 /* Views */ = {
			isa = PBXGroup;
			children = (
				55446268268E222E00E19474 /* ContentView.swift */,
				55446290268E349B00E19474 /* MainView.swift */,
				55446294268E34CD00E19474 /* ItemView.swift */,
			);
			path = Views;
			sourceTree = "<group>";
		};
		554462A4268E3BAF00E19474 /* Models */ = {
			isa = PBXGroup;
			children = (
				554462A5268E3BBC00E19474 /* CoreData */,
				554462AC268E3CD500E19474 /* Item.swift */,
			);
			path = Models;
			sourceTree = "<group>";
		};
		554462A5268E3BBC00E19474 /* CoreData */ = {
			isa = PBXGroup;
			children = (
				5523A6B826905936007C804F /* ItemModelObject+CoreDataClass.swift */,
				5523A6B926905936007C804F /* ItemModelObject+CoreDataProperties.swift */,
			);
			path = CoreData;
			sourceTree = "<group>";
		};
/* End PBXGroup section */

/* Begin PBXNativeTarget section */
		55446262268E222E00E19474 /* TVLChecker */ = {
			isa = PBXNativeTarget;
			buildConfigurationList = 55446277268E223100E19474 /* Build configuration list for PBXNativeTarget "TVLChecker" */;
			buildPhases = (
				5544625F268E222E00E19474 /* Sources */,
				55446260268E222E00E19474 /* Frameworks */,
				55446261268E222E00E19474 /* Resources */,
			);
			buildRules = (
			);
			dependencies = (
			);
			name = TVLChecker;
			packageProductDependencies = (
				554462B0268E432500E19474 /* FirebaseFirestore */,
			);
			productName = TVLChecker;
			productReference = 55446263268E222E00E19474 /* TVLChecker.app */;
			productType = "com.apple.product-type.application";
		};
/* End PBXNativeTarget section */

/* Begin PBXProject section */
		5544625B268E222E00E19474 /* Project object */ = {
			isa = PBXProject;
			attributes = {
				LastSwiftUpdateCheck = 1210;
				LastUpgradeCheck = 1210;
				TargetAttributes = {
					55446262268E222E00E19474 = {
						CreatedOnToolsVersion = 12.1;
					};
				};
			};
			buildConfigurationList = 5544625E268E222E00E19474 /* Build configuration list for PBXProject "TVLChecker" */;
			compatibilityVersion = "Xcode 9.3";
			developmentRegion = en;
			hasScannedForEncodings = 0;
			knownRegions = (
				en,
				Base,
			);
			mainGroup = 5544625A268E222E00E19474;
			packageReferences = (
				554462AF268E432500E19474 /* XCRemoteSwiftPackageReference "firebase-ios-sdk" */,
			);
			productRefGroup = 55446264268E222E00E19474 /* Products */;
			projectDirPath = "";
			projectRoot = "";
			targets = (
				55446262268E222E00E19474 /* TVLChecker */,
			);
		};
/* End PBXProject section */

/* Begin PBXResourcesBuildPhase section */
		55446261268E222E00E19474 /* Resources */ = {
			isa = PBXResourcesBuildPhase;
			buildActionMask = 2147483647;
			files = (
				5544626E268E223100E19474 /* Preview Assets.xcassets in Resources */,
				5544626B268E223100E19474 /* Assets.xcassets in Resources */,
				5523A6AF269052AC007C804F /* GoogleService-Info.plist in Resources */,
			);
			runOnlyForDeploymentPostprocessing = 0;
		};
/* End PBXResourcesBuildPhase section */

/* Begin PBXSourcesBuildPhase section */
		5544625F268E222E00E19474 /* Sources */ = {
			isa = PBXSourcesBuildPhase;
			buildActionMask = 2147483647;
			files = (
				5523A6BA26905936007C804F /* ItemModelObject+CoreDataClass.swift in Sources */,
				55446270268E223100E19474 /* Persistence.swift in Sources */,
				554462AD268E3CD500E19474 /* Item.swift in Sources */,
				55446295268E34CD00E19474 /* ItemView.swift in Sources */,
				55446269268E222E00E19474 /* ContentView.swift in Sources */,
				55446273268E223100E19474 /* TVLChecker.xcdatamodeld in Sources */,
				55446291268E349B00E19474 /* MainView.swift in Sources */,
				55446267268E222E00E19474 /* TVLCheckerApp.swift in Sources */,
				5523A6B426905384007C804F /* DataService.swift in Sources */,
				5523A6BB26905936007C804F /* ItemModelObject+CoreDataProperties.swift in Sources */,
			);
			runOnlyForDeploymentPostprocessing = 0;
		};
/* End PBXSourcesBuildPhase section */

/* Begin XCBuildConfiguration section */
		55446275268E223100E19474 /* Debug */ = {
			isa = XCBuildConfiguration;
			buildSettings = {
				ALWAYS_SEARCH_USER_PATHS = NO;
				CLANG_ANALYZER_NONNULL = YES;
				CLANG_ANALYZER_NUMBER_OBJECT_CONVERSION = YES_AGGRESSIVE;
				CLANG_CXX_LANGUAGE_STANDARD = "gnu++14";
				CLANG_CXX_LIBRARY = "libc++";
				CLANG_ENABLE_MODULES = YES;
				CLANG_ENABLE_OBJC_ARC = YES;
				CLANG_ENABLE_OBJC_WEAK = YES;
				CLANG_WARN_BLOCK_CAPTURE_AUTORELEASING = YES;
				CLANG_WARN_BOOL_CONVERSION = YES;
				CLANG_WARN_COMMA = YES;
				CLANG_WARN_CONSTANT_CONVERSION = YES;
				CLANG_WARN_DEPRECATED_OBJC_IMPLEMENTATIONS = YES;
				CLANG_WARN_DIRECT_OBJC_ISA_USAGE = YES_ERROR;
				CLANG_WARN_DOCUMENTATION_COMMENTS = YES;
				CLANG_WARN_EMPTY_BODY = YES;
				CLANG_WARN_ENUM_CONVERSION = YES;
				CLANG_WARN_INFINITE_RECURSION = YES;
				CLANG_WARN_INT_CONVERSION = YES;
				CLANG_WARN_NON_LITERAL_NULL_CONVERSION = YES;
				CLANG_WARN_OBJC_IMPLICIT_RETAIN_SELF = YES;
				CLANG_WARN_OBJC_LITERAL_CONVERSION = YES;
				CLANG_WARN_OBJC_ROOT_CLASS = YES_ERROR;
				CLANG_WARN_QUOTED_INCLUDE_IN_FRAMEWORK_HEADER = YES;
				CLANG_WARN_RANGE_LOOP_ANALYSIS = YES;
				CLANG_WARN_STRICT_PROTOTYPES = YES;
				CLANG_WARN_SUSPICIOUS_MOVE = YES;
				CLANG_WARN_UNGUARDED_AVAILABILITY = YES_AGGRESSIVE;
				CLANG_WARN_UNREACHABLE_CODE = YES;
				CLANG_WARN__DUPLICATE_METHOD_MATCH = YES;
				COPY_PHASE_STRIP = NO;
				DEBUG_INFORMATION_FORMAT = dwarf;
				ENABLE_STRICT_OBJC_MSGSEND = YES;
				ENABLE_TESTABILITY = YES;
				GCC_C_LANGUAGE_STANDARD = gnu11;
				GCC_DYNAMIC_NO_PIC = NO;
				GCC_NO_COMMON_BLOCKS = YES;
				GCC_OPTIMIZATION_LEVEL = 0;
				GCC_PREPROCESSOR_DEFINITIONS = (
					"DEBUG=1",
					"$(inherited)",
				);
				GCC_WARN_64_TO_32_BIT_CONVERSION = YES;
				GCC_WARN_ABOUT_RETURN_TYPE = YES_ERROR;
				GCC_WARN_UNDECLARED_SELECTOR = YES;
				GCC_WARN_UNINITIALIZED_AUTOS = YES_AGGRESSIVE;
				GCC_WARN_UNUSED_FUNCTION = YES;
				GCC_WARN_UNUSED_VARIABLE = YES;
				IPHONEOS_DEPLOYMENT_TARGET = 14.1;
				MTL_ENABLE_DEBUG_INFO = INCLUDE_SOURCE;
				MTL_FAST_MATH = YES;
				ONLY_ACTIVE_ARCH = YES;
				SDKROOT = iphoneos;
				SWIFT_ACTIVE_COMPILATION_CONDITIONS = DEBUG;
				SWIFT_OPTIMIZATION_LEVEL = "-Onone";
			};
			name = Debug;
		};
		55446276268E223100E19474 /* Release */ = {
			isa = XCBuildConfiguration;
			buildSettings = {
				ALWAYS_SEARCH_USER_PATHS = NO;
				CLANG_ANALYZER_NONNULL = YES;
				CLANG_ANALYZER_NUMBER_OBJECT_CONVERSION = YES_AGGRESSIVE;
				CLANG_CXX_LANGUAGE_STANDARD = "gnu++14";
				CLANG_CXX_LIBRARY = "libc++";
				CLANG_ENABLE_MODULES = YES;
				CLANG_ENABLE_OBJC_ARC = YES;
				CLANG_ENABLE_OBJC_WEAK = YES;
				CLANG_WARN_BLOCK_CAPTURE_AUTORELEASING = YES;
				CLANG_WARN_BOOL_CONVERSION = YES;
				CLANG_WARN_COMMA = YES;
				CLANG_WARN_CONSTANT_CONVERSION = YES;
				CLANG_WARN_DEPRECATED_OBJC_IMPLEMENTATIONS = YES;
				CLANG_WARN_DIRECT_OBJC_ISA_USAGE = YES_ERROR;
				CLANG_WARN_DOCUMENTATION_COMMENTS = YES;
				CLANG_WARN_EMPTY_BODY = YES;
				CLANG_WARN_ENUM_CONVERSION = YES;
				CLANG_WARN_INFINITE_RECURSION = YES;
				CLANG_WARN_INT_CONVERSION = YES;
				CLANG_WARN_NON_LITERAL_NULL_CONVERSION = YES;
				CLANG_WARN_OBJC_IMPLICIT_RETAIN_SELF = YES;
				CLANG_WARN_OBJC_LITERAL_CONVERSION = YES;
				CLANG_WARN_OBJC_ROOT_CLASS = YES_ERROR;
				CLANG_WARN_QUOTED_INCLUDE_IN_FRAMEWORK_HEADER = YES;
				CLANG_WARN_RANGE_LOOP_ANALYSIS = YES;
				CLANG_WARN_STRICT_PROTOTYPES = YES;
				CLANG_WARN_SUSPICIOUS_MOVE = YES;
				CLANG_WARN_UNGUARDED_AVAILABILITY = YES_AGGRESSIVE;
				CLANG_WARN_UNREACHABLE_CODE = YES;
				CLANG_WARN__DUPLICATE_METHOD_MATCH = YES;
				COPY_PHASE_STRIP = NO;
				DEBUG_INFORMATION_FORMAT = "dwarf-with-dsym";
				ENABLE_NS_ASSERTIONS = NO;
				ENABLE_STRICT_OBJC_MSGSEND = YES;
				GCC_C_LANGUAGE_STANDARD = gnu11;
				GCC_NO_COMMON_BLOCKS = YES;
				GCC_WARN_64_TO_32_BIT_CONVERSION = YES;
				GCC_WARN_ABOUT_RETURN_TYPE = YES_ERROR;
				GCC_WARN_UNDECLARED_SELECTOR = YES;
				GCC_WARN_UNINITIALIZED_AUTOS = YES_AGGRESSIVE;
				GCC_WARN_UNUSED_FUNCTION = YES;
				GCC_WARN_UNUSED_VARIABLE = YES;
				IPHONEOS_DEPLOYMENT_TARGET = 14.1;
				MTL_ENABLE_DEBUG_INFO = NO;
				MTL_FAST_MATH = YES;
				SDKROOT = iphoneos;
				SWIFT_COMPILATION_MODE = wholemodule;
				SWIFT_OPTIMIZATION_LEVEL = "-O";
				VALIDATE_PRODUCT = YES;
			};
			name = Release;
		};
		55446278268E223100E19474 /* Debug */ = {
			isa = XCBuildConfiguration;
			buildSettings = {
				ASSETCATALOG_COMPILER_APPICON_NAME = AppIcon;
				ASSETCATALOG_COMPILER_GLOBAL_ACCENT_COLOR_NAME = AccentColor;
				CODE_SIGN_STYLE = Automatic;
				DEVELOPMENT_ASSET_PATHS = "\"TVLChecker/Preview Content\"";
				DEVELOPMENT_TEAM = 2628KGRCZP;
				ENABLE_PREVIEWS = YES;
				INFOPLIST_FILE = TVLChecker/Resources/Info.plist;
				IPHONEOS_DEPLOYMENT_TARGET = 14.0;
				LD_RUNPATH_SEARCH_PATHS = (
					"$(inherited)",
					"@executable_path/Frameworks",
				);
				PRODUCT_BUNDLE_IDENTIFIER = elanice.ai.TVLChecker;
				PRODUCT_NAME = "$(TARGET_NAME)";
				SWIFT_VERSION = 5.0;
				TARGETED_DEVICE_FAMILY = "1,2";
			};
			name = Debug;
		};
		55446279268E223100E19474 /* Release */ = {
			isa = XCBuildConfiguration;
			buildSettings = {
				ASSETCATALOG_COMPILER_APPICON_NAME = AppIcon;
				ASSETCATALOG_COMPILER_GLOBAL_ACCENT_COLOR_NAME = AccentColor;
				CODE_SIGN_STYLE = Automatic;
				DEVELOPMENT_ASSET_PATHS = "\"TVLChecker/Preview Content\"";
				DEVELOPMENT_TEAM = 2628KGRCZP;
				ENABLE_PREVIEWS = YES;
				INFOPLIST_FILE = TVLChecker/Resources/Info.plist;
				IPHONEOS_DEPLOYMENT_TARGET = 14.0;
				LD_RUNPATH_SEARCH_PATHS = (
					"$(inherited)",
					"@executable_path/Frameworks",
				);
				PRODUCT_BUNDLE_IDENTIFIER = elanice.ai.TVLChecker;
				PRODUCT_NAME = "$(TARGET_NAME)";
				SWIFT_VERSION = 5.0;
				TARGETED_DEVICE_FAMILY = "1,2";
			};
			name = Release;
		};
/* End XCBuildConfiguration section */

/* Begin XCConfigurationList section */
		5544625E268E222E00E19474 /* Build configuration list for PBXProject "TVLChecker" */ = {
			isa = XCConfigurationList;
			buildConfigurations = (
				55446275268E223100E19474 /* Debug */,
				55446276268E223100E19474 /* Release */,
			);
			defaultConfigurationIsVisible = 0;
			defaultConfigurationName = Release;
		};
		55446277268E223100E19474 /* Build configuration list for PBXNativeTarget "TVLChecker" */ = {
			isa = XCConfigurationList;
			buildConfigurations = (
				55446278268E223100E19474 /* Debug */,
				55446279268E223100E19474 /* Release */,
			);
			defaultConfigurationIsVisible = 0;
			defaultConfigurationName = Release;
		};
/* End XCConfigurationList section */

/* Begin XCRemoteSwiftPackageReference section */
		554462AF268E432500E19474 /* XCRemoteSwiftPackageReference "firebase-ios-sdk" */ = {
			isa = XCRemoteSwiftPackageReference;
			repositoryURL = "https://github.com/firebase/firebase-ios-sdk.git";
			requirement = {
				kind = upToNextMajorVersion;
				minimumVersion = 8.2.0;
			};
		};
/* End XCRemoteSwiftPackageReference section */

/* Begin XCSwiftPackageProductDependency section */
		554462B0268E432500E19474 /* FirebaseFirestore */ = {
			isa = XCSwiftPackageProductDependency;
			package = 554462AF268E432500E19474 /* XCRemoteSwiftPackageReference "firebase-ios-sdk" */;
			productName = FirebaseFirestore;
		};
/* End XCSwiftPackageProductDependency section */

/* Begin XCVersionGroup section */
		55446271268E223100E19474 /* TVLChecker.xcdatamodeld */ = {
			isa = XCVersionGroup;
			children = (
				55446272268E223100E19474 /* TVLChecker.xcdatamodel */,
			);
			currentVersion = 55446272268E223100E19474 /* TVLChecker.xcdatamodel */;
			path = TVLChecker.xcdatamodeld;
			sourceTree = "<group>";
			versionGroupType = wrapper.xcdatamodel;
		};
/* End XCVersionGroup section */
	};
	rootObject = 5544625B268E222E00E19474 /* Project object */;
}
